
Microsoft Visual Studio Solution File, Format Version 12.00
# Visual Studio Version 17
VisualStudioVersion = 17.6.33815.320
MinimumVisualStudioVersion = 10.0.40219.1
Project("{FAE04EC0-301F-11D3-BF4B-00C04F79EFBC}") = "OfficialTakachi", "OfficialTakachi\OfficialTakachi.csproj", "{ED0DA7F5-48AE-4C6F-93FD-96CF24F2885D}"
EndProject
Global
	GlobalSection(SolutionConfigurationPlatforms) = preSolution
		Debug|Any CPU = Debug|Any CPU
		Release|Any CPU = Release|Any CPU
	EndGlobalSection
	GlobalSection(ProjectConfigurationPlatforms) = postSolution
		{ED0DA7F5-48AE-4C6F-93FD-96CF24F2885D}.Debug|Any CPU.ActiveCfg = Debug|Any CPU
		{ED0DA7F5-48AE-4C6F-93FD-96CF24F2885D}.Debug|Any CPU.Build.0 = Debug|Any CPU
		{ED0DA7F5-48AE-4C6F-93FD-96CF24F2885D}.Release|Any CPU.ActiveCfg = Release|Any CPU
		{ED0DA7F5-48AE-4C6F-93FD-96CF24F2885D}.Release|Any CPU.Build.0 = Release|Any CPU
	EndGlobalSection
	GlobalSection(SolutionProperties) = preSolution
		HideSolutionNode = FALSE
	EndGlobalSection
	GlobalSection(ExtensibilityGlobals) = postSolution
		SolutionGuid = {84D157C8-94C5-422F-9F46-EF7341F583AD}
	EndGlobalSection
EndGlobal
